
Microsoft Visual Studio Solution File, Format Version 12.00
# Visual Studio Version 16
VisualStudioVersion = 16.0.30907.101
MinimumVisualStudioVersion = 10.0.40219.1
Project("{FAE04EC0-301F-11D3-BF4B-00C04F79EFBC}") = "Module7Homework", "Module7Homework\Module7Homework.csproj", "{BA2F19FA-2B25-4A79-BB74-46FA29CFFEFB}"
EndProject
Global
	GlobalSection(SolutionConfigurationPlatforms) = preSolution
		Debug|Any CPU = Debug|Any CPU
		Release|Any CPU = Release|Any CPU
	EndGlobalSection
	GlobalSection(ProjectConfigurationPlatforms) = postSolution
		{BA2F19FA-2B25-4A79-BB74-46FA29CFFEFB}.Debug|Any CPU.ActiveCfg = Debug|Any CPU
		{BA2F19FA-2B25-4A79-BB74-46FA29CFFEFB}.Debug|Any CPU.Build.0 = Debug|Any CPU
		{BA2F19FA-2B25-4A79-BB74-46FA29CFFEFB}.Release|Any CPU.ActiveCfg = Release|Any CPU
		{BA2F19FA-2B25-4A79-BB74-46FA29CFFEFB}.Release|Any CPU.Build.0 = Release|Any CPU
	EndGlobalSection
	GlobalSection(SolutionProperties) = preSolution
		HideSolutionNode = FALSE
	EndGlobalSection
	GlobalSection(ExtensibilityGlobals) = postSolution
		SolutionGuid = {63D764F1-5A04-421E-AEA1-48B4F5DEFA38}
	EndGlobalSection
EndGlobal
